
Microsoft Visual Studio Solution File, Format Version 12.00
# Visual Studio Version 17
VisualStudioVersion = 17.2.32630.192
MinimumVisualStudioVersion = 10.0.40219.1
Project("{8BC9CEB8-8B4A-11D0-8D11-00A0C91BC942}") = "PuzzleGenerator", "ConsoleApplication1\ConsoleApplication1.vcxproj", "{00BBE332-2BB6-42D8-9376-71D300772B13}"
EndProject
Project("{8BC9CEB8-8B4A-11D0-8D11-00A0C91BC942}") = "TL_Puzzle_Solver", "TL_Puzzle_Solver\TL_Puzzle_Solver.vcxproj", "{4ED334E7-9FC4-4D41-83B6-C58F214368D0}"
EndProject
Global
	GlobalSection(SolutionConfigurationPlatforms) = preSolution
		Debug|x64 = Debug|x64
		Debug|x86 = Debug|x86
		Release|x64 = Release|x64
		Release|x86 = Release|x86
	EndGlobalSection
	GlobalSection(ProjectConfigurationPlatforms) = postSolution
		{00BBE332-2BB6-42D8-9376-71D300772B13}.Debug|x64.ActiveCfg = Debug|x64
		{00BBE332-2BB6-42D8-9376-71D300772B13}.Debug|x64.Build.0 = Debug|x64
		{00BBE332-2BB6-42D8-9376-71D300772B13}.Debug|x86.ActiveCfg = Debug|Win32
		{00BBE332-2BB6-42D8-9376-71D300772B13}.Debug|x86.Build.0 = Debug|Win32
		{00BBE332-2BB6-42D8-9376-71D300772B13}.Release|x64.ActiveCfg = Release|x64
		{00BBE332-2BB6-42D8-9376-71D300772B13}.Release|x64.Build.0 = Release|x64
		{00BBE332-2BB6-42D8-9376-71D300772B13}.Release|x86.ActiveCfg = Release|Win32
		{00BBE332-2BB6-42D8-9376-71D300772B13}.Release|x86.Build.0 = Release|Win32
		{4ED334E7-9FC4-4D41-83B6-C58F214368D0}.Debug|x64.ActiveCfg = Debug|x64
		{4ED334E7-9FC4-4D41-83B6-C58F214368D0}.Debug|x64.Build.0 = Debug|x64
		{4ED334E7-9FC4-4D41-83B6-C58F214368D0}.Debug|x86.ActiveCfg = Debug|Win32
		{4ED334E7-9FC4-4D41-83B6-C58F214368D0}.Debug|x86.Build.0 = Debug|Win32
		{4ED334E7-9FC4-4D41-83B6-C58F214368D0}.Release|x64.ActiveCfg = Release|x64
		{4ED334E7-9FC4-4D41-83B6-C58F214368D0}.Release|x64.Build.0 = Release|x64
		{4ED334E7-9FC4-4D41-83B6-C58F214368D0}.Release|x86.ActiveCfg = Release|Win32
		{4ED334E7-9FC4-4D41-83B6-C58F214368D0}.Release|x86.Build.0 = Release|Win32
	EndGlobalSection
	GlobalSection(SolutionProperties) = preSolution
		HideSolutionNode = FALSE
	EndGlobalSection
	GlobalSection(ExtensibilityGlobals) = postSolution
		SolutionGuid = {C9C62FCD-2C89-417B-803B-D348E9378F28}
	EndGlobalSection
EndGlobal
